
Microsoft Visual Studio Solution File, Format Version 12.00
Project("{2150E333-8FDC-42A3-9474-1A3956D46DE8}") = "src", "src", "{DD805392-0058-447E-BDCB-0517D102DE24}"
EndProject
Project("{2150E333-8FDC-42A3-9474-1A3956D46DE8}") = "tests", "tests", "{26AD01D9-3B1C-4E20-BFDC-F46A107B4907}"
EndProject
Project("{FAE04EC0-301F-11D3-BF4B-00C04F79EFBC}") = "JustSearch.Abstractions", "src\JustSearch.Abstractions\JustSearch.Abstractions.csproj", "{216BC169-FFE3-45D6-A346-6093730560A5}"
EndProject
Project("{FAE04EC0-301F-11D3-BF4B-00C04F79EFBC}") = "JustSearch", "src\JustSearch\JustSearch.csproj", "{7EF26972-421E-4E7B-8B41-1891183EF4C2}"
EndProject
Project("{2150E333-8FDC-42A3-9474-1A3956D46DE8}") = "providers", "providers", "{BF2F7EEB-510A-4086-B4BA-66355924C2C6}"
EndProject
Project("{2150E333-8FDC-42A3-9474-1A3956D46DE8}") = "algolia", "algolia", "{522984CE-E320-41C2-A53D-1AAF022A1F8D}"
EndProject
Project("{FAE04EC0-301F-11D3-BF4B-00C04F79EFBC}") = "JustSearch.Algolia", "providers\JustSearch.Algolia\JustSearch.Algolia.csproj", "{ACFD00F4-706A-4CE8-9BAD-38516BB86851}"
EndProject
Project("{2150E333-8FDC-42A3-9474-1A3956D46DE8}") = "typesense", "typesense", "{2BF70FD2-E05A-450E-9E1B-E74884CC8C2F}"
EndProject
Project("{FAE04EC0-301F-11D3-BF4B-00C04F79EFBC}") = "JustSearch.Typesense", "providers\JustSearch.Typesense\JustSearch.Typesense.csproj", "{0F176877-706A-4774-98DD-7132261BBAB4}"
EndProject
Project("{FAE04EC0-301F-11D3-BF4B-00C04F79EFBC}") = "JustSearch.Tests", "tests\JustSearch.Tests\JustSearch.Tests.csproj", "{48904515-BCCC-42CB-80D4-5213536751DB}"
EndProject
Global
	GlobalSection(SolutionConfigurationPlatforms) = preSolution
		Debug|Any CPU = Debug|Any CPU
		Release|Any CPU = Release|Any CPU
	EndGlobalSection
	GlobalSection(NestedProjects) = preSolution
		{216BC169-FFE3-45D6-A346-6093730560A5} = {DD805392-0058-447E-BDCB-0517D102DE24}
		{7EF26972-421E-4E7B-8B41-1891183EF4C2} = {DD805392-0058-447E-BDCB-0517D102DE24}
		{522984CE-E320-41C2-A53D-1AAF022A1F8D} = {BF2F7EEB-510A-4086-B4BA-66355924C2C6}
		{ACFD00F4-706A-4CE8-9BAD-38516BB86851} = {522984CE-E320-41C2-A53D-1AAF022A1F8D}
		{2BF70FD2-E05A-450E-9E1B-E74884CC8C2F} = {BF2F7EEB-510A-4086-B4BA-66355924C2C6}
		{0F176877-706A-4774-98DD-7132261BBAB4} = {2BF70FD2-E05A-450E-9E1B-E74884CC8C2F}
		{48904515-BCCC-42CB-80D4-5213536751DB} = {26AD01D9-3B1C-4E20-BFDC-F46A107B4907}
	EndGlobalSection
	GlobalSection(ProjectConfigurationPlatforms) = postSolution
		{216BC169-FFE3-45D6-A346-6093730560A5}.Debug|Any CPU.ActiveCfg = Debug|Any CPU
		{216BC169-FFE3-45D6-A346-6093730560A5}.Debug|Any CPU.Build.0 = Debug|Any CPU
		{216BC169-FFE3-45D6-A346-6093730560A5}.Release|Any CPU.ActiveCfg = Release|Any CPU
		{216BC169-FFE3-45D6-A346-6093730560A5}.Release|Any CPU.Build.0 = Release|Any CPU
		{7EF26972-421E-4E7B-8B41-1891183EF4C2}.Debug|Any CPU.ActiveCfg = Debug|Any CPU
		{7EF26972-421E-4E7B-8B41-1891183EF4C2}.Debug|Any CPU.Build.0 = Debug|Any CPU
		{7EF26972-421E-4E7B-8B41-1891183EF4C2}.Release|Any CPU.ActiveCfg = Release|Any CPU
		{7EF26972-421E-4E7B-8B41-1891183EF4C2}.Release|Any CPU.Build.0 = Release|Any CPU
		{ACFD00F4-706A-4CE8-9BAD-38516BB86851}.Debug|Any CPU.ActiveCfg = Debug|Any CPU
		{ACFD00F4-706A-4CE8-9BAD-38516BB86851}.Debug|Any CPU.Build.0 = Debug|Any CPU
		{ACFD00F4-706A-4CE8-9BAD-38516BB86851}.Release|Any CPU.ActiveCfg = Release|Any CPU
		{ACFD00F4-706A-4CE8-9BAD-38516BB86851}.Release|Any CPU.Build.0 = Release|Any CPU
		{0F176877-706A-4774-98DD-7132261BBAB4}.Debug|Any CPU.ActiveCfg = Debug|Any CPU
		{0F176877-706A-4774-98DD-7132261BBAB4}.Debug|Any CPU.Build.0 = Debug|Any CPU
		{0F176877-706A-4774-98DD-7132261BBAB4}.Release|Any CPU.ActiveCfg = Release|Any CPU
		{0F176877-706A-4774-98DD-7132261BBAB4}.Release|Any CPU.Build.0 = Release|Any CPU
		{48904515-BCCC-42CB-80D4-5213536751DB}.Debug|Any CPU.ActiveCfg = Debug|Any CPU
		{48904515-BCCC-42CB-80D4-5213536751DB}.Debug|Any CPU.Build.0 = Debug|Any CPU
		{48904515-BCCC-42CB-80D4-5213536751DB}.Release|Any CPU.ActiveCfg = Release|Any CPU
		{48904515-BCCC-42CB-80D4-5213536751DB}.Release|Any CPU.Build.0 = Release|Any CPU
	EndGlobalSection
EndGlobal
